
Microsoft Visual Studio Solution File, Format Version 12.00
# Visual Studio Version 16
VisualStudioVersion = 16.0.28803.452
MinimumVisualStudioVersion = 10.0.40219.1
Project("{8BC9CEB8-8B4A-11D0-8D11-00A0C91BC942}") = "Segmented-Map", "Segmented-Map\Segmented-Map.vcxproj", "{8596F421-4F37-4DE2-A066-3E52F9BC624E}"
EndProject
Project("{8BC9CEB8-8B4A-11D0-8D11-00A0C91BC942}") = "UnitTest", "UnitTest\UnitTest.vcxproj", "{A33F7F7A-126D-49AA-87C1-37A5D51387A8}"
EndProject
Project("{8BC9CEB8-8B4A-11D0-8D11-00A0C91BC942}") = "basic_test", "..\GoogleBenchmark\build\test\basic_test.vcxproj", "{76982844-3E49-326F-94C6-B7F579618CE8}"
EndProject
Global
	GlobalSection(SolutionConfigurationPlatforms) = preSolution
		Debug|x64 = Debug|x64
		Debug|x86 = Debug|x86
		MinSizeRel|x64 = MinSizeRel|x64
		MinSizeRel|x86 = MinSizeRel|x86
		Release|x64 = Release|x64
		Release|x86 = Release|x86
		RelWithDebInfo|x64 = RelWithDebInfo|x64
		RelWithDebInfo|x86 = RelWithDebInfo|x86
	EndGlobalSection
	GlobalSection(ProjectConfigurationPlatforms) = postSolution
		{8596F421-4F37-4DE2-A066-3E52F9BC624E}.Debug|x64.ActiveCfg = Debug|x64
		{8596F421-4F37-4DE2-A066-3E52F9BC624E}.Debug|x64.Build.0 = Debug|x64
		{8596F421-4F37-4DE2-A066-3E52F9BC624E}.Debug|x86.ActiveCfg = Debug|Win32
		{8596F421-4F37-4DE2-A066-3E52F9BC624E}.Debug|x86.Build.0 = Debug|Win32
		{8596F421-4F37-4DE2-A066-3E52F9BC624E}.MinSizeRel|x64.ActiveCfg = Release|x64
		{8596F421-4F37-4DE2-A066-3E52F9BC624E}.MinSizeRel|x64.Build.0 = Release|x64
		{8596F421-4F37-4DE2-A066-3E52F9BC624E}.MinSizeRel|x86.ActiveCfg = Release|Win32
		{8596F421-4F37-4DE2-A066-3E52F9BC624E}.MinSizeRel|x86.Build.0 = Release|Win32
		{8596F421-4F37-4DE2-A066-3E52F9BC624E}.Release|x64.ActiveCfg = Release|x64
		{8596F421-4F37-4DE2-A066-3E52F9BC624E}.Release|x64.Build.0 = Release|x64
		{8596F421-4F37-4DE2-A066-3E52F9BC624E}.Release|x86.ActiveCfg = Release|Win32
		{8596F421-4F37-4DE2-A066-3E52F9BC624E}.Release|x86.Build.0 = Release|Win32
		{8596F421-4F37-4DE2-A066-3E52F9BC624E}.RelWithDebInfo|x64.ActiveCfg = Release|x64
		{8596F421-4F37-4DE2-A066-3E52F9BC624E}.RelWithDebInfo|x64.Build.0 = Release|x64
		{8596F421-4F37-4DE2-A066-3E52F9BC624E}.RelWithDebInfo|x86.ActiveCfg = Release|Win32
		{8596F421-4F37-4DE2-A066-3E52F9BC624E}.RelWithDebInfo|x86.Build.0 = Release|Win32
		{A33F7F7A-126D-49AA-87C1-37A5D51387A8}.Debug|x64.ActiveCfg = Debug|x64
		{A33F7F7A-126D-49AA-87C1-37A5D51387A8}.Debug|x64.Build.0 = Debug|x64
		{A33F7F7A-126D-49AA-87C1-37A5D51387A8}.Debug|x86.ActiveCfg = Debug|Win32
		{A33F7F7A-126D-49AA-87C1-37A5D51387A8}.Debug|x86.Build.0 = Debug|Win32
		{A33F7F7A-126D-49AA-87C1-37A5D51387A8}.MinSizeRel|x64.ActiveCfg = Test|x64
		{A33F7F7A-126D-49AA-87C1-37A5D51387A8}.MinSizeRel|x64.Build.0 = Test|x64
		{A33F7F7A-126D-49AA-87C1-37A5D51387A8}.MinSizeRel|x86.ActiveCfg = Test|Win32
		{A33F7F7A-126D-49AA-87C1-37A5D51387A8}.MinSizeRel|x86.Build.0 = Test|Win32
		{A33F7F7A-126D-49AA-87C1-37A5D51387A8}.Release|x64.ActiveCfg = Release|x64
		{A33F7F7A-126D-49AA-87C1-37A5D51387A8}.Release|x64.Build.0 = Release|x64
		{A33F7F7A-126D-49AA-87C1-37A5D51387A8}.Release|x86.ActiveCfg = Release|Win32
		{A33F7F7A-126D-49AA-87C1-37A5D51387A8}.Release|x86.Build.0 = Release|Win32
		{A33F7F7A-126D-49AA-87C1-37A5D51387A8}.RelWithDebInfo|x64.ActiveCfg = Release|x64
		{A33F7F7A-126D-49AA-87C1-37A5D51387A8}.RelWithDebInfo|x64.Build.0 = Release|x64
		{A33F7F7A-126D-49AA-87C1-37A5D51387A8}.RelWithDebInfo|x86.ActiveCfg = Release|Win32
		{A33F7F7A-126D-49AA-87C1-37A5D51387A8}.RelWithDebInfo|x86.Build.0 = Release|Win32
		{76982844-3E49-326F-94C6-B7F579618CE8}.Debug|x64.ActiveCfg = Debug|x64
		{76982844-3E49-326F-94C6-B7F579618CE8}.Debug|x64.Build.0 = Debug|x64
		{76982844-3E49-326F-94C6-B7F579618CE8}.Debug|x86.ActiveCfg = Debug|x64
		{76982844-3E49-326F-94C6-B7F579618CE8}.MinSizeRel|x64.ActiveCfg = MinSizeRel|x64
		{76982844-3E49-326F-94C6-B7F579618CE8}.MinSizeRel|x64.Build.0 = MinSizeRel|x64
		{76982844-3E49-326F-94C6-B7F579618CE8}.MinSizeRel|x86.ActiveCfg = MinSizeRel|x64
		{76982844-3E49-326F-94C6-B7F579618CE8}.Release|x64.ActiveCfg = Release|x64
		{76982844-3E49-326F-94C6-B7F579618CE8}.Release|x64.Build.0 = Release|x64
		{76982844-3E49-326F-94C6-B7F579618CE8}.Release|x86.ActiveCfg = Release|x64
		{76982844-3E49-326F-94C6-B7F579618CE8}.RelWithDebInfo|x64.ActiveCfg = RelWithDebInfo|x64
		{76982844-3E49-326F-94C6-B7F579618CE8}.RelWithDebInfo|x64.Build.0 = RelWithDebInfo|x64
		{76982844-3E49-326F-94C6-B7F579618CE8}.RelWithDebInfo|x86.ActiveCfg = RelWithDebInfo|x64
	EndGlobalSection
	GlobalSection(SolutionProperties) = preSolution
		HideSolutionNode = FALSE
	EndGlobalSection
	GlobalSection(ExtensibilityGlobals) = postSolution
		SolutionGuid = {728646C5-ED93-4E0C-852C-AE1796BAA078}
	EndGlobalSection
EndGlobal
